
Microsoft Visual Studio Solution File, Format Version 12.00
# Visual Studio Version 16
VisualStudioVersion = 16.0.31729.503
MinimumVisualStudioVersion = 10.0.40219.1
Project("{FAE04EC0-301F-11D3-BF4B-00C04F79EFBC}") = "Lab_4_", "Lab_4_\Lab_4_.csproj", "{E82EB4D5-0D87-4591-BE68-4D27D8D2FA0A}"
EndProject
Global
	GlobalSection(SolutionConfigurationPlatforms) = preSolution
		Debug|Any CPU = Debug|Any CPU
		Release|Any CPU = Release|Any CPU
	EndGlobalSection
	GlobalSection(ProjectConfigurationPlatforms) = postSolution
		{E82EB4D5-0D87-4591-BE68-4D27D8D2FA0A}.Debug|Any CPU.ActiveCfg = Debug|Any CPU
		{E82EB4D5-0D87-4591-BE68-4D27D8D2FA0A}.Debug|Any CPU.Build.0 = Debug|Any CPU
		{E82EB4D5-0D87-4591-BE68-4D27D8D2FA0A}.Release|Any CPU.ActiveCfg = Release|Any CPU
		{E82EB4D5-0D87-4591-BE68-4D27D8D2FA0A}.Release|Any CPU.Build.0 = Release|Any CPU
	EndGlobalSection
	GlobalSection(SolutionProperties) = preSolution
		HideSolutionNode = FALSE
	EndGlobalSection
	GlobalSection(ExtensibilityGlobals) = postSolution
		SolutionGuid = {A7C5D139-3347-441C-BE59-612269E09639}
	EndGlobalSection
EndGlobal
